
Microsoft Visual Studio Solution File, Format Version 12.00
# Visual Studio 15
VisualStudioVersion = 15.0.27703.2042
MinimumVisualStudioVersion = 10.0.40219.1
Project("{E24C65DC-7377-472B-9ABA-BC803B73C61A}") = "SignUpProject", "SignUpProject\", "{5C61F8ED-C18F-4B81-AA51-9E8079E83012}"
	ProjectSection(WebsiteProperties) = preProject
		TargetFrameworkMoniker = ".NETFramework,Version%3Dv4.6.1"
		Debug.AspNetCompiler.VirtualPath = "/localhost_58287"
		Debug.AspNetCompiler.PhysicalPath = "SignUpProject\"
		Debug.AspNetCompiler.TargetPath = "PrecompiledWeb\localhost_58287\"
		Debug.AspNetCompiler.Updateable = "true"
		Debug.AspNetCompiler.ForceOverwrite = "true"
		Debug.AspNetCompiler.FixedNames = "false"
		Debug.AspNetCompiler.Debug = "True"
		Release.AspNetCompiler.VirtualPath = "/localhost_58287"
		Release.AspNetCompiler.PhysicalPath = "SignUpProject\"
		Release.AspNetCompiler.TargetPath = "PrecompiledWeb\localhost_58287\"
		Release.AspNetCompiler.Updateable = "true"
		Release.AspNetCompiler.ForceOverwrite = "true"
		Release.AspNetCompiler.FixedNames = "false"
		Release.AspNetCompiler.Debug = "False"
		VWDPort = "58287"
		SlnRelativePath = "SignUpProject\"
		DefaultWebSiteLanguage = "Visual C#"
	EndProjectSection
EndProject
Global
	GlobalSection(SolutionConfigurationPlatforms) = preSolution
		Debug|Any CPU = Debug|Any CPU
	EndGlobalSection
	GlobalSection(ProjectConfigurationPlatforms) = postSolution
		{5C61F8ED-C18F-4B81-AA51-9E8079E83012}.Debug|Any CPU.ActiveCfg = Debug|Any CPU
		{5C61F8ED-C18F-4B81-AA51-9E8079E83012}.Debug|Any CPU.Build.0 = Debug|Any CPU
	EndGlobalSection
	GlobalSection(SolutionProperties) = preSolution
		HideSolutionNode = FALSE
	EndGlobalSection
	GlobalSection(ExtensibilityGlobals) = postSolution
		SolutionGuid = {12DE364F-4688-490D-9E68-36773D74DF97}
	EndGlobalSection
EndGlobal
